
Microsoft Visual Studio Solution File, Format Version 12.00
# Visual Studio 2013
VisualStudioVersion = 12.0.30723.0
MinimumVisualStudioVersion = 10.0.40219.1
Project("{FAE04EC0-301F-11D3-BF4B-00C04F79EFBC}") = "SimpleStack", "SimpleStack\SimpleStack.csproj", "{E6A55A27-C956-4C37-97E1-9ADB0096E3B6}"
EndProject
Project("{FAE04EC0-301F-11D3-BF4B-00C04F79EFBC}") = "SimpleStack.Web", "SimpleStack.Web\SimpleStack.Web.csproj", "{CF7972DD-65E1-4176-85A9-899A7C966EA5}"
EndProject
Project("{FAE04EC0-301F-11D3-BF4B-00C04F79EFBC}") = "SimpleStack.Tests", "SimpleStack.Tests\SimpleStack.Tests.csproj", "{DB62315C-2285-4CF7-A01F-18832B22DD7D}"
EndProject
Global
	GlobalSection(SolutionConfigurationPlatforms) = preSolution
		Debug|Any CPU = Debug|Any CPU
		Release|Any CPU = Release|Any CPU
	EndGlobalSection
	GlobalSection(ProjectConfigurationPlatforms) = postSolution
		{E6A55A27-C956-4C37-97E1-9ADB0096E3B6}.Debug|Any CPU.ActiveCfg = Debug|Any CPU
		{E6A55A27-C956-4C37-97E1-9ADB0096E3B6}.Debug|Any CPU.Build.0 = Debug|Any CPU
		{E6A55A27-C956-4C37-97E1-9ADB0096E3B6}.Release|Any CPU.ActiveCfg = Release|Any CPU
		{E6A55A27-C956-4C37-97E1-9ADB0096E3B6}.Release|Any CPU.Build.0 = Release|Any CPU
		{CF7972DD-65E1-4176-85A9-899A7C966EA5}.Debug|Any CPU.ActiveCfg = Debug|Any CPU
		{CF7972DD-65E1-4176-85A9-899A7C966EA5}.Debug|Any CPU.Build.0 = Debug|Any CPU
		{CF7972DD-65E1-4176-85A9-899A7C966EA5}.Release|Any CPU.ActiveCfg = Release|Any CPU
		{CF7972DD-65E1-4176-85A9-899A7C966EA5}.Release|Any CPU.Build.0 = Release|Any CPU
		{DB62315C-2285-4CF7-A01F-18832B22DD7D}.Debug|Any CPU.ActiveCfg = Debug|Any CPU
		{DB62315C-2285-4CF7-A01F-18832B22DD7D}.Debug|Any CPU.Build.0 = Debug|Any CPU
		{DB62315C-2285-4CF7-A01F-18832B22DD7D}.Release|Any CPU.ActiveCfg = Release|Any CPU
		{DB62315C-2285-4CF7-A01F-18832B22DD7D}.Release|Any CPU.Build.0 = Release|Any CPU
	EndGlobalSection
	GlobalSection(SolutionProperties) = preSolution
		HideSolutionNode = FALSE
	EndGlobalSection
EndGlobal
